// !$*UTF8*$!
{
	archiveVersion = 1;
	classes = {
	};
	objectVersion = 77;
	objects = {

/* Begin PBXBuildFile section */
		13E6C0DF2D7461850049B9C1 /* OpenGL.framework in Frameworks */ = {isa = PBXBuildFile; fileRef = 13E6C0DE2D7461850049B9C1 /* OpenGL.framework */; };
		13E6C0E12D7461A10049B9C1 /* libsfml-audio.2.6.2.dylib in Frameworks */ = {isa = PBXBuildFile; fileRef = 13E6C0E02D7461A10049B9C1 /* libsfml-audio.2.6.2.dylib */; };
		13E6C0E32D7461BD0049B9C1 /* libsfml-graphics.2.6.2.dylib in Frameworks */ = {isa = PBXBuildFile; fileRef = 13E6C0E22D7461BD0049B9C1 /* libsfml-graphics.2.6.2.dylib */; };
		13E6C0E52D7461D90049B9C1 /* libsfml-network.2.6.2.dylib in Frameworks */ = {isa = PBXBuildFile; fileRef = 13E6C0E42D7461D90049B9C1 /* libsfml-network.2.6.2.dylib */; };
		13E6C0E72D7461F50049B9C1 /* libsfml-system.2.6.2.dylib in Frameworks */ = {isa = PBXBuildFile; fileRef = 13E6C0E62D7461F50049B9C1 /* libsfml-system.2.6.2.dylib */; };
		13E6C0E92D7462160049B9C1 /* libsfml-window.2.6.2.dylib in Frameworks */ = {isa = PBXBuildFile; fileRef = 13E6C0E82D7462160049B9C1 /* libsfml-window.2.6.2.dylib */; };
		13E6C0EB2D7462400049B9C1 /* libGLEW.2.2.0.dylib in Frameworks */ = {isa = PBXBuildFile; fileRef = 13E6C0EA2D7462400049B9C1 /* libGLEW.2.2.0.dylib */; };
/* End PBXBuildFile section */

/* Begin PBXCopyFilesBuildPhase section */
		13E6C0D12D7460FC0049B9C1 /* CopyFiles */ = {
			isa = PBXCopyFilesBuildPhase;
			buildActionMask = 2147483647;
			dstPath = /usr/share/man/man1/;
			dstSubfolderSpec = 0;
			files = (
			);
			runOnlyForDeploymentPostprocessing = 1;
		};
/* End PBXCopyFilesBuildPhase section */

/* Begin PBXFileReference section */
		13E6C0D32D7460FC0049B9C1 /* AI_POWERED_CHESS */ = {isa = PBXFileReference; explicitFileType = "compiled.mach-o.executable"; includeInIndex = 0; path = AI_POWERED_CHESS; sourceTree = BUILT_PRODUCTS_DIR; };
		13E6C0DE2D7461850049B9C1 /* OpenGL.framework */ = {isa = PBXFileReference; lastKnownFileType = wrapper.framework; name = OpenGL.framework; path = System/Library/Frameworks/OpenGL.framework; sourceTree = SDKROOT; };
		13E6C0E02D7461A10049B9C1 /* libsfml-audio.2.6.2.dylib */ = {isa = PBXFileReference; lastKnownFileType = "compiled.mach-o.dylib"; name = "libsfml-audio.2.6.2.dylib"; path = "../../../../../usr/local/Cellar/sfml@2/2.6.2_1/lib/libsfml-audio.2.6.2.dylib"; sourceTree = "<group>"; };
		13E6C0E22D7461BD0049B9C1 /* libsfml-graphics.2.6.2.dylib */ = {isa = PBXFileReference; lastKnownFileType = "compiled.mach-o.dylib"; name = "libsfml-graphics.2.6.2.dylib"; path = "../../../../../usr/local/Cellar/sfml@2/2.6.2_1/lib/libsfml-graphics.2.6.2.dylib"; sourceTree = "<group>"; };
		13E6C0E42D7461D90049B9C1 /* libsfml-network.2.6.2.dylib */ = {isa = PBXFileReference; lastKnownFileType = "compiled.mach-o.dylib"; name = "libsfml-network.2.6.2.dylib"; path = "../../../../../usr/local/Cellar/sfml@2/2.6.2_1/lib/libsfml-network.2.6.2.dylib"; sourceTree = "<group>"; };
		13E6C0E62D7461F50049B9C1 /* libsfml-system.2.6.2.dylib */ = {isa = PBXFileReference; lastKnownFileType = "compiled.mach-o.dylib"; name = "libsfml-system.2.6.2.dylib"; path = "../../../../../usr/local/Cellar/sfml@2/2.6.2_1/lib/libsfml-system.2.6.2.dylib"; sourceTree = "<group>"; };
		13E6C0E82D7462160049B9C1 /* libsfml-window.2.6.2.dylib */ = {isa = PBXFileReference; lastKnownFileType = "compiled.mach-o.dylib"; name = "libsfml-window.2.6.2.dylib"; path = "../../../../../usr/local/Cellar/sfml@2/2.6.2_1/lib/libsfml-window.2.6.2.dylib"; sourceTree = "<group>"; };
		13E6C0EA2D7462400049B9C1 /* libGLEW.2.2.0.dylib */ = {isa = PBXFileReference; lastKnownFileType = "compiled.mach-o.dylib"; name = libGLEW.2.2.0.dylib; path = ../../../../../usr/local/Cellar/glew/2.2.0_1/lib/libGLEW.2.2.0.dylib; sourceTree = "<group>"; };
/* End PBXFileReference section */

/* Begin PBXFileSystemSynchronizedRootGroup section */
		13E6C0D52D7460FC0049B9C1 /* AI_POWERED_CHESS */ = {
			isa = PBXFileSystemSynchronizedRootGroup;
			path = AI_POWERED_CHESS;
			sourceTree = "<group>";
		};
/* End PBXFileSystemSynchronizedRootGroup section */

/* Begin PBXFrameworksBuildPhase section */
		13E6C0D02D7460FC0049B9C1 /* Frameworks */ = {
			isa = PBXFrameworksBuildPhase;
			buildActionMask = 2147483647;
			files = (
				13E6C0EB2D7462400049B9C1 /* libGLEW.2.2.0.dylib in Frameworks */,
				13E6C0E92D7462160049B9C1 /* libsfml-window.2.6.2.dylib in Frameworks */,
				13E6C0E72D7461F50049B9C1 /* libsfml-system.2.6.2.dylib in Frameworks */,
				13E6C0E52D7461D90049B9C1 /* libsfml-network.2.6.2.dylib in Frameworks */,
				13E6C0E32D7461BD0049B9C1 /* libsfml-graphics.2.6.2.dylib in Frameworks */,
				13E6C0E12D7461A10049B9C1 /* libsfml-audio.2.6.2.dylib in Frameworks */,
				13E6C0DF2D7461850049B9C1 /* OpenGL.framework in Frameworks */,
			);
			runOnlyForDeploymentPostprocessing = 0;
		};
/* End PBXFrameworksBuildPhase section */

/* Begin PBXGroup section */
		13E6C0CA2D7460FC0049B9C1 = {
			isa = PBXGroup;
			children = (
				13E6C0D52D7460FC0049B9C1 /* AI_POWERED_CHESS */,
				13E6C0DD2D7461850049B9C1 /* Frameworks */,
				13E6C0D42D7460FC0049B9C1 /* Products */,
			);
			sourceTree = "<group>";
		};
		13E6C0D42D7460FC0049B9C1 /* Products */ = {
			isa = PBXGroup;
			children = (
				13E6C0D32D7460FC0049B9C1 /* AI_POWERED_CHESS */,
			);
			name = Products;
			sourceTree = "<group>";
		};
		13E6C0DD2D7461850049B9C1 /* Frameworks */ = {
			isa = PBXGroup;
			children = (
				13E6C0EA2D7462400049B9C1 /* libGLEW.2.2.0.dylib */,
				13E6C0E82D7462160049B9C1 /* libsfml-window.2.6.2.dylib */,
				13E6C0E62D7461F50049B9C1 /* libsfml-system.2.6.2.dylib */,
				13E6C0E42D7461D90049B9C1 /* libsfml-network.2.6.2.dylib */,
				13E6C0E22D7461BD0049B9C1 /* libsfml-graphics.2.6.2.dylib */,
				13E6C0E02D7461A10049B9C1 /* libsfml-audio.2.6.2.dylib */,
				13E6C0DE2D7461850049B9C1 /* OpenGL.framework */,
			);
			name = Frameworks;
			sourceTree = "<group>";
		};
/* End PBXGroup section */

/* Begin PBXNativeTarget section */
		13E6C0D22D7460FC0049B9C1 /* AI_POWERED_CHESS */ = {
			isa = PBXNativeTarget;
			buildConfigurationList = 13E6C0DA2D7460FC0049B9C1 /* Build configuration list for PBXNativeTarget "AI_POWERED_CHESS" */;
			buildPhases = (
				13E6C0CF2D7460FC0049B9C1 /* Sources */,
				13E6C0D02D7460FC0049B9C1 /* Frameworks */,
				13E6C0D12D7460FC0049B9C1 /* CopyFiles */,
			);
			buildRules = (
			);
			dependencies = (
			);
			fileSystemSynchronizedGroups = (
				13E6C0D52D7460FC0049B9C1 /* AI_POWERED_CHESS */,
			);
			name = AI_POWERED_CHESS;
			packageProductDependencies = (
			);
			productName = AI_POWERED_CHESS;
			productReference = 13E6C0D32D7460FC0049B9C1 /* AI_POWERED_CHESS */;
			productType = "com.apple.product-type.tool";
		};
/* End PBXNativeTarget section */

/* Begin PBXProject section */
		13E6C0CB2D7460FC0049B9C1 /* Project object */ = {
			isa = PBXProject;
			attributes = {
				BuildIndependentTargetsInParallel = 1;
				LastUpgradeCheck = 1620;
				TargetAttributes = {
					13E6C0D22D7460FC0049B9C1 = {
						CreatedOnToolsVersion = 16.2;
					};
				};
			};
			buildConfigurationList = 13E6C0CE2D7460FC0049B9C1 /* Build configuration list for PBXProject "AI_POWERED_CHESS" */;
			developmentRegion = en;
			hasScannedForEncodings = 0;
			knownRegions = (
				en,
				Base,
			);
			mainGroup = 13E6C0CA2D7460FC0049B9C1;
			minimizedProjectReferenceProxies = 1;
			preferredProjectObjectVersion = 77;
			productRefGroup = 13E6C0D42D7460FC0049B9C1 /* Products */;
			projectDirPath = "";
			projectRoot = "";
			targets = (
				13E6C0D22D7460FC0049B9C1 /* AI_POWERED_CHESS */,
			);
		};
/* End PBXProject section */

/* Begin PBXSourcesBuildPhase section */
		13E6C0CF2D7460FC0049B9C1 /* Sources */ = {
			isa = PBXSourcesBuildPhase;
			buildActionMask = 2147483647;
			files = (
			);
			runOnlyForDeploymentPostprocessing = 0;
		};
/* End PBXSourcesBuildPhase section */

/* Begin XCBuildConfiguration section */
		13E6C0D82D7460FC0049B9C1 /* Debug */ = {
			isa = XCBuildConfiguration;
			buildSettings = {
				ALWAYS_SEARCH_USER_PATHS = NO;
				ASSETCATALOG_COMPILER_GENERATE_SWIFT_ASSET_SYMBOL_EXTENSIONS = YES;
				CLANG_ANALYZER_NONNULL = YES;
				CLANG_ANALYZER_NUMBER_OBJECT_CONVERSION = YES_AGGRESSIVE;
				CLANG_CXX_LANGUAGE_STANDARD = "gnu++20";
				CLANG_ENABLE_MODULES = YES;
				CLANG_ENABLE_OBJC_ARC = YES;
				CLANG_ENABLE_OBJC_WEAK = YES;
				CLANG_WARN_BLOCK_CAPTURE_AUTORELEASING = YES;
				CLANG_WARN_BOOL_CONVERSION = YES;
				CLANG_WARN_COMMA = YES;
				CLANG_WARN_CONSTANT_CONVERSION = YES;
				CLANG_WARN_DEPRECATED_OBJC_IMPLEMENTATIONS = YES;
				CLANG_WARN_DIRECT_OBJC_ISA_USAGE = YES_ERROR;
				CLANG_WARN_DOCUMENTATION_COMMENTS = YES;
				CLANG_WARN_EMPTY_BODY = YES;
				CLANG_WARN_ENUM_CONVERSION = YES;
				CLANG_WARN_INFINITE_RECURSION = YES;
				CLANG_WARN_INT_CONVERSION = YES;
				CLANG_WARN_NON_LITERAL_NULL_CONVERSION = YES;
				CLANG_WARN_OBJC_IMPLICIT_RETAIN_SELF = YES;
				CLANG_WARN_OBJC_LITERAL_CONVERSION = YES;
				CLANG_WARN_OBJC_ROOT_CLASS = YES_ERROR;
				CLANG_WARN_QUOTED_INCLUDE_IN_FRAMEWORK_HEADER = YES;
				CLANG_WARN_RANGE_LOOP_ANALYSIS = YES;
				CLANG_WARN_STRICT_PROTOTYPES = YES;
				CLANG_WARN_SUSPICIOUS_MOVE = YES;
				CLANG_WARN_UNGUARDED_AVAILABILITY = YES_AGGRESSIVE;
				CLANG_WARN_UNREACHABLE_CODE = YES;
				CLANG_WARN__DUPLICATE_METHOD_MATCH = YES;
				COPY_PHASE_STRIP = NO;
				DEBUG_INFORMATION_FORMAT = dwarf;
				ENABLE_STRICT_OBJC_MSGSEND = YES;
				ENABLE_TESTABILITY = YES;
				ENABLE_USER_SCRIPT_SANDBOXING = YES;
				GCC_C_LANGUAGE_STANDARD = gnu17;
				GCC_DYNAMIC_NO_PIC = NO;
				GCC_NO_COMMON_BLOCKS = YES;
				GCC_OPTIMIZATION_LEVEL = 0;
				GCC_PREPROCESSOR_DEFINITIONS = (
					"DEBUG=1",
					"$(inherited)",
				);
				GCC_WARN_64_TO_32_BIT_CONVERSION = YES;
				GCC_WARN_ABOUT_RETURN_TYPE = YES_ERROR;
				GCC_WARN_UNDECLARED_SELECTOR = YES;
				GCC_WARN_UNINITIALIZED_AUTOS = YES_AGGRESSIVE;
				GCC_WARN_UNUSED_FUNCTION = YES;
				GCC_WARN_UNUSED_VARIABLE = YES;
				LOCALIZATION_PREFERS_STRING_CATALOGS = YES;
				MACOSX_DEPLOYMENT_TARGET = 15.2;
				MTL_ENABLE_DEBUG_INFO = INCLUDE_SOURCE;
				MTL_FAST_MATH = YES;
				ONLY_ACTIVE_ARCH = YES;
				SDKROOT = macosx;
			};
			name = Debug;
		};
		13E6C0D92D7460FC0049B9C1 /* Release */ = {
			isa = XCBuildConfiguration;
			buildSettings = {
				ALWAYS_SEARCH_USER_PATHS = NO;
				ASSETCATALOG_COMPILER_GENERATE_SWIFT_ASSET_SYMBOL_EXTENSIONS = YES;
				CLANG_ANALYZER_NONNULL = YES;
				CLANG_ANALYZER_NUMBER_OBJECT_CONVERSION = YES_AGGRESSIVE;
				CLANG_CXX_LANGUAGE_STANDARD = "gnu++20";
				CLANG_ENABLE_MODULES = YES;
				CLANG_ENABLE_OBJC_ARC = YES;
				CLANG_ENABLE_OBJC_WEAK = YES;
				CLANG_WARN_BLOCK_CAPTURE_AUTORELEASING = YES;
				CLANG_WARN_BOOL_CONVERSION = YES;
				CLANG_WARN_COMMA = YES;
				CLANG_WARN_CONSTANT_CONVERSION = YES;
				CLANG_WARN_DEPRECATED_OBJC_IMPLEMENTATIONS = YES;
				CLANG_WARN_DIRECT_OBJC_ISA_USAGE = YES_ERROR;
				CLANG_WARN_DOCUMENTATION_COMMENTS = YES;
				CLANG_WARN_EMPTY_BODY = YES;
				CLANG_WARN_ENUM_CONVERSION = YES;
				CLANG_WARN_INFINITE_RECURSION = YES;
				CLANG_WARN_INT_CONVERSION = YES;
				CLANG_WARN_NON_LITERAL_NULL_CONVERSION = YES;
				CLANG_WARN_OBJC_IMPLICIT_RETAIN_SELF = YES;
				CLANG_WARN_OBJC_LITERAL_CONVERSION = YES;
				CLANG_WARN_OBJC_ROOT_CLASS = YES_ERROR;
				CLANG_WARN_QUOTED_INCLUDE_IN_FRAMEWORK_HEADER = YES;
				CLANG_WARN_RANGE_LOOP_ANALYSIS = YES;
				CLANG_WARN_STRICT_PROTOTYPES = YES;
				CLANG_WARN_SUSPICIOUS_MOVE = YES;
				CLANG_WARN_UNGUARDED_AVAILABILITY = YES_AGGRESSIVE;
				CLANG_WARN_UNREACHABLE_CODE = YES;
				CLANG_WARN__DUPLICATE_METHOD_MATCH = YES;
				COPY_PHASE_STRIP = NO;
				DEBUG_INFORMATION_FORMAT = "dwarf-with-dsym";
				ENABLE_NS_ASSERTIONS = NO;
				ENABLE_STRICT_OBJC_MSGSEND = YES;
				ENABLE_USER_SCRIPT_SANDBOXING = YES;
				GCC_C_LANGUAGE_STANDARD = gnu17;
				GCC_NO_COMMON_BLOCKS = YES;
				GCC_WARN_64_TO_32_BIT_CONVERSION = YES;
				GCC_WARN_ABOUT_RETURN_TYPE = YES_ERROR;
				GCC_WARN_UNDECLARED_SELECTOR = YES;
				GCC_WARN_UNINITIALIZED_AUTOS = YES_AGGRESSIVE;
				GCC_WARN_UNUSED_FUNCTION = YES;
				GCC_WARN_UNUSED_VARIABLE = YES;
				LOCALIZATION_PREFERS_STRING_CATALOGS = YES;
				MACOSX_DEPLOYMENT_TARGET = 15.2;
				MTL_ENABLE_DEBUG_INFO = NO;
				MTL_FAST_MATH = YES;
				SDKROOT = macosx;
			};
			name = Release;
		};
		13E6C0DB2D7460FC0049B9C1 /* Debug */ = {
			isa = XCBuildConfiguration;
			buildSettings = {
				CODE_SIGN_STYLE = Automatic;
				DEVELOPMENT_TEAM = 87F99TF65A;
				ENABLE_HARDENED_RUNTIME = YES;
				HEADER_SEARCH_PATHS = /usr/local/include;
				LIBRARY_SEARCH_PATHS = (
					"$(inherited)",
					"/usr/local/Cellar/sfml@2/2.6.2_1/lib",
					/usr/local/Cellar/glew/2.2.0_1/lib,
				);
				PRODUCT_NAME = "$(TARGET_NAME)";
			};
			name = Debug;
		};
		13E6C0DC2D7460FC0049B9C1 /* Release */ = {
			isa = XCBuildConfiguration;
			buildSettings = {
				CODE_SIGN_STYLE = Automatic;
				DEVELOPMENT_TEAM = 87F99TF65A;
				ENABLE_HARDENED_RUNTIME = YES;
				HEADER_SEARCH_PATHS = /usr/local/include;
				LIBRARY_SEARCH_PATHS = (
					"$(inherited)",
					"/usr/local/Cellar/sfml@2/2.6.2_1/lib",
					/usr/local/Cellar/glew/2.2.0_1/lib,
				);
				PRODUCT_NAME = "$(TARGET_NAME)";
			};
			name = Release;
		};
/* End XCBuildConfiguration section */

/* Begin XCConfigurationList section */
		13E6C0CE2D7460FC0049B9C1 /* Build configuration list for PBXProject "AI_POWERED_CHESS" */ = {
			isa = XCConfigurationList;
			buildConfigurations = (
				13E6C0D82D7460FC0049B9C1 /* Debug */,
				13E6C0D92D7460FC0049B9C1 /* Release */,
			);
			defaultConfigurationIsVisible = 0;
			defaultConfigurationName = Release;
		};
		13E6C0DA2D7460FC0049B9C1 /* Build configuration list for PBXNativeTarget "AI_POWERED_CHESS" */ = {
			isa = XCConfigurationList;
			buildConfigurations = (
				13E6C0DB2D7460FC0049B9C1 /* Debug */,
				13E6C0DC2D7460FC0049B9C1 /* Release */,
			);
			defaultConfigurationIsVisible = 0;
			defaultConfigurationName = Release;
		};
/* End XCConfigurationList section */
	};
	rootObject = 13E6C0CB2D7460FC0049B9C1 /* Project object */;
}
